
Microsoft Visual Studio Solution File, Format Version 12.00
# Visual Studio Version 16
VisualStudioVersion = 16.0.32630.194
MinimumVisualStudioVersion = 10.0.40219.1
Project("{FAE04EC0-301F-11D3-BF4B-00C04F79EFBC}") = "Label_Monster", "Label_Monster\Label_Monster.csproj", "{6A5C9F41-3761-4D80-916C-9F6CB0C4DD56}"
EndProject
Global
	GlobalSection(SolutionConfigurationPlatforms) = preSolution
		Debug|Any CPU = Debug|Any CPU
		Release|Any CPU = Release|Any CPU
	EndGlobalSection
	GlobalSection(ProjectConfigurationPlatforms) = postSolution
		{6A5C9F41-3761-4D80-916C-9F6CB0C4DD56}.Debug|Any CPU.ActiveCfg = Debug|Any CPU
		{6A5C9F41-3761-4D80-916C-9F6CB0C4DD56}.Debug|Any CPU.Build.0 = Debug|Any CPU
		{6A5C9F41-3761-4D80-916C-9F6CB0C4DD56}.Release|Any CPU.ActiveCfg = Release|Any CPU
		{6A5C9F41-3761-4D80-916C-9F6CB0C4DD56}.Release|Any CPU.Build.0 = Release|Any CPU
	EndGlobalSection
	GlobalSection(SolutionProperties) = preSolution
		HideSolutionNode = FALSE
	EndGlobalSection
	GlobalSection(ExtensibilityGlobals) = postSolution
		SolutionGuid = {1336A85E-F178-4E68-97A8-1CB2C7D3C9CC}
	EndGlobalSection
EndGlobal
